# THIS IS AN AUTOGENERATED FILE. DO NOT EDIT THIS FILE DIRECTLY.
# yarn lockfile v1


fastclick@^1.0.6:
  version "1.0.6"
  resolved "https://registry.yarnpkg.com/fastclick/-/fastclick-1.0.6.tgz#161625b27b1a5806405936bda9a2c1926d06be6a"
  integrity sha1-FhYlsnsaWAZAWTa9qaLBkm0Gvmo=

fg-loadcss@^2.1.0:
  version "2.1.0"
  resolved "https://registry.yarnpkg.com/fg-loadcss/-/fg-loadcss-2.1.0.tgz#b3cbdf2ab5ee82a13ddb26340f10e3ac43fe2233"
  integrity sha512-HpvR2uRoKvrYAEwimw+k4Fr2NVHYPfld5Lc/f9uy3mKeUTXhS5urL24XA2rqyq5b2i410EXCLir4Uhsb8J1QaQ==

fontfaceobserver@^2.1.0:
  version "2.1.0"
  resolved "https://registry.yarnpkg.com/fontfaceobserver/-/fontfaceobserver-2.1.0.tgz#e2705d293e2c585a6531c2a722905657317a2991"
  integrity sha512-ReOsO2F66jUa0jmv2nlM/s1MiutJx/srhAe2+TE8dJCMi02ZZOcCTxTCQFr3Yet+uODUtnr4Mewg+tNQ+4V1Ng==

normalize.css@^8.0.1:
  version "8.0.1"
  resolved "https://registry.yarnpkg.com/normalize.css/-/normalize.css-8.0.1.tgz#9b98a208738b9cc2634caacbc42d131c97487bf3"
  integrity sha512-qizSNPO93t1YUuUhP22btGOo3chcvDFqFaj2TRybP0DMxkHOCTYwp3n34fel4a31ORXy4m1Xq0Gyqpb5m33qIg==

outdatedbrowser@^1.1.5:
  version "1.1.5"
  resolved "https://registry.yarnpkg.com/outdatedbrowser/-/outdatedbrowser-1.1.5.tgz#88c71f02d1e972e48df5d8d896ea56d7b0c2942b"
  integrity sha1-iMcfAtHpcuSN9djYlupW17DClCs=

svg4everybody@^2.1.9:
  version "2.1.9"
  resolved "https://registry.yarnpkg.com/svg4everybody/-/svg4everybody-2.1.9.tgz#5bd9f6defc133859a044646d4743fabc28db7e2d"
  integrity sha1-W9n23vwTOFmgRGRtR0P6vCjbfi0=
