# THIS IS AN AUTOGENERATED FILE. DO NOT EDIT THIS FILE DIRECTLY.
# yarn lockfile v1


fastclick@~1.0.6:
  version "1.0.6"
  resolved "https://registry.yarnpkg.com/fastclick/-/fastclick-1.0.6.tgz#161625b27b1a5806405936bda9a2c1926d06be6a"

fg-loadcss@~1.3.1:
  version "1.3.1"
  resolved "https://registry.yarnpkg.com/fg-loadcss/-/fg-loadcss-1.3.1.tgz#8930e820959faafbb242850eeec4f2d0259430cb"

fontfaceobserver@~2.0.13:
  version "2.0.13"
  resolved "https://registry.yarnpkg.com/fontfaceobserver/-/fontfaceobserver-2.0.13.tgz#47adbb343261eda98cb44db2152196ff124d3221"

normalize.css@^7.0.0:
  version "7.0.0"
  resolved "https://registry.yarnpkg.com/normalize.css/-/normalize.css-7.0.0.tgz#abfb1dd82470674e0322b53ceb1aaf412938e4bf"

outdatedbrowser@~1.1.5:
  version "1.1.5"
  resolved "https://registry.yarnpkg.com/outdatedbrowser/-/outdatedbrowser-1.1.5.tgz#88c71f02d1e972e48df5d8d896ea56d7b0c2942b"

svg4everybody@~2.1.8:
  version "2.1.8"
  resolved "https://registry.yarnpkg.com/svg4everybody/-/svg4everybody-2.1.8.tgz#c4fb648999104fc02225852f847ccfbc0b6d7586"
